
Microsoft Visual Studio Solution File, Format Version 12.00
Project("{FAE04EC0-301F-11D3-BF4B-00C04F79EFBC}") = "TestProject3", "TestProject3\TestProject3.csproj", "{61ED62C3-64D0-4487-8AD7-81027F9F918C}"
EndProject
Global
	GlobalSection(SolutionConfigurationPlatforms) = preSolution
		Debug|Any CPU = Debug|Any CPU
		Release|Any CPU = Release|Any CPU
	EndGlobalSection
	GlobalSection(ProjectConfigurationPlatforms) = postSolution
		{61ED62C3-64D0-4487-8AD7-81027F9F918C}.Debug|Any CPU.ActiveCfg = Debug|Any CPU
		{61ED62C3-64D0-4487-8AD7-81027F9F918C}.Debug|Any CPU.Build.0 = Debug|Any CPU
		{61ED62C3-64D0-4487-8AD7-81027F9F918C}.Release|Any CPU.ActiveCfg = Release|Any CPU
		{61ED62C3-64D0-4487-8AD7-81027F9F918C}.Release|Any CPU.Build.0 = Release|Any CPU
	EndGlobalSection
EndGlobal
